
Microsoft Visual Studio Solution File, Format Version 12.00
# Visual Studio Version 16
VisualStudioVersion = 16.0.32228.343
MinimumVisualStudioVersion = 10.0.40219.1
Project("{FAE04EC0-301F-11D3-BF4B-00C04F79EFBC}") = "PracticasCSharpN9_Iteracion_While_DoWhile", "PracticasCSharpN9_Iteracion_While_DoWhile\PracticasCSharpN9_Iteracion_While_DoWhile.csproj", "{0DF2E4F0-F069-4535-8239-C12243123BE7}"
EndProject
Global
	GlobalSection(SolutionConfigurationPlatforms) = preSolution
		Debug|Any CPU = Debug|Any CPU
		Release|Any CPU = Release|Any CPU
	EndGlobalSection
	GlobalSection(ProjectConfigurationPlatforms) = postSolution
		{0DF2E4F0-F069-4535-8239-C12243123BE7}.Debug|Any CPU.ActiveCfg = Debug|Any CPU
		{0DF2E4F0-F069-4535-8239-C12243123BE7}.Debug|Any CPU.Build.0 = Debug|Any CPU
		{0DF2E4F0-F069-4535-8239-C12243123BE7}.Release|Any CPU.ActiveCfg = Release|Any CPU
		{0DF2E4F0-F069-4535-8239-C12243123BE7}.Release|Any CPU.Build.0 = Release|Any CPU
	EndGlobalSection
	GlobalSection(SolutionProperties) = preSolution
		HideSolutionNode = FALSE
	EndGlobalSection
	GlobalSection(ExtensibilityGlobals) = postSolution
		SolutionGuid = {CF1B5E21-47D8-4FF3-B363-1216CA6CB87F}
	EndGlobalSection
EndGlobal
