
Microsoft Visual Studio Solution File, Format Version 12.00
# Visual Studio Version 16
VisualStudioVersion = 16.0.32228.343
MinimumVisualStudioVersion = 10.0.40219.1
Project("{FAE04EC0-301F-11D3-BF4B-00C04F79EFBC}") = "PracticasCSharpN10_Arrays_creacion_y_manipulacion", "PracticasCSharpN10_Arrays_creacion_y_manipulacion\PracticasCSharpN10_Arrays_creacion_y_manipulacion.csproj", "{709A1214-E9B9-4BE8-B6FA-5207C0D51077}"
EndProject
Global
	GlobalSection(SolutionConfigurationPlatforms) = preSolution
		Debug|Any CPU = Debug|Any CPU
		Release|Any CPU = Release|Any CPU
	EndGlobalSection
	GlobalSection(ProjectConfigurationPlatforms) = postSolution
		{709A1214-E9B9-4BE8-B6FA-5207C0D51077}.Debug|Any CPU.ActiveCfg = Debug|Any CPU
		{709A1214-E9B9-4BE8-B6FA-5207C0D51077}.Debug|Any CPU.Build.0 = Debug|Any CPU
		{709A1214-E9B9-4BE8-B6FA-5207C0D51077}.Release|Any CPU.ActiveCfg = Release|Any CPU
		{709A1214-E9B9-4BE8-B6FA-5207C0D51077}.Release|Any CPU.Build.0 = Release|Any CPU
	EndGlobalSection
	GlobalSection(SolutionProperties) = preSolution
		HideSolutionNode = FALSE
	EndGlobalSection
	GlobalSection(ExtensibilityGlobals) = postSolution
		SolutionGuid = {883CC1BB-D85D-4E38-86F6-BBB2E9D5EA8E}
	EndGlobalSection
EndGlobal
