
Microsoft Visual Studio Solution File, Format Version 12.00
# Visual Studio Version 16
VisualStudioVersion = 16.0.32228.343
MinimumVisualStudioVersion = 10.0.40219.1
Project("{FAE04EC0-301F-11D3-BF4B-00C04F79EFBC}") = "PracticasCSharpN8_Iteracion_for_break_continue", "PracticasCSharpN8_Iteracion_for_break_continue\PracticasCSharpN8_Iteracion_for_break_continue.csproj", "{03A4021B-1A46-4718-A287-36E09BF5A29E}"
EndProject
Global
	GlobalSection(SolutionConfigurationPlatforms) = preSolution
		Debug|Any CPU = Debug|Any CPU
		Release|Any CPU = Release|Any CPU
	EndGlobalSection
	GlobalSection(ProjectConfigurationPlatforms) = postSolution
		{03A4021B-1A46-4718-A287-36E09BF5A29E}.Debug|Any CPU.ActiveCfg = Debug|Any CPU
		{03A4021B-1A46-4718-A287-36E09BF5A29E}.Debug|Any CPU.Build.0 = Debug|Any CPU
		{03A4021B-1A46-4718-A287-36E09BF5A29E}.Release|Any CPU.ActiveCfg = Release|Any CPU
		{03A4021B-1A46-4718-A287-36E09BF5A29E}.Release|Any CPU.Build.0 = Release|Any CPU
	EndGlobalSection
	GlobalSection(SolutionProperties) = preSolution
		HideSolutionNode = FALSE
	EndGlobalSection
	GlobalSection(ExtensibilityGlobals) = postSolution
		SolutionGuid = {F3F35DB4-C60A-4884-8827-AF7AF17CD158}
	EndGlobalSection
EndGlobal
