
Microsoft Visual Studio Solution File, Format Version 12.00
# Visual Studio Version 16
VisualStudioVersion = 16.0.32228.343
MinimumVisualStudioVersion = 10.0.40219.1
Project("{FAE04EC0-301F-11D3-BF4B-00C04F79EFBC}") = "Practica ASPNET_2", "Practica ASPNET_2\Practica ASPNET_2.csproj", "{229796E7-BF43-4ED2-A5DF-6B84523CD19C}"
EndProject
Global
	GlobalSection(SolutionConfigurationPlatforms) = preSolution
		Debug|Any CPU = Debug|Any CPU
		Release|Any CPU = Release|Any CPU
	EndGlobalSection
	GlobalSection(ProjectConfigurationPlatforms) = postSolution
		{229796E7-BF43-4ED2-A5DF-6B84523CD19C}.Debug|Any CPU.ActiveCfg = Debug|Any CPU
		{229796E7-BF43-4ED2-A5DF-6B84523CD19C}.Debug|Any CPU.Build.0 = Debug|Any CPU
		{229796E7-BF43-4ED2-A5DF-6B84523CD19C}.Release|Any CPU.ActiveCfg = Release|Any CPU
		{229796E7-BF43-4ED2-A5DF-6B84523CD19C}.Release|Any CPU.Build.0 = Release|Any CPU
	EndGlobalSection
	GlobalSection(SolutionProperties) = preSolution
		HideSolutionNode = FALSE
	EndGlobalSection
	GlobalSection(ExtensibilityGlobals) = postSolution
		SolutionGuid = {A31D0130-4376-4565-BDA3-51C292B010D4}
	EndGlobalSection
EndGlobal
