
Microsoft Visual Studio Solution File, Format Version 12.00
# Visual Studio Version 16
VisualStudioVersion = 16.0.32228.343
MinimumVisualStudioVersion = 10.0.40219.1
Project("{FAE04EC0-301F-11D3-BF4B-00C04F79EFBC}") = "Float_Int_Practicas", "Float_Int_Practicas\Float_Int_Practicas.csproj", "{59C31ACD-2950-4529-A721-2FA076117449}"
EndProject
Global
	GlobalSection(SolutionConfigurationPlatforms) = preSolution
		Debug|Any CPU = Debug|Any CPU
		Release|Any CPU = Release|Any CPU
	EndGlobalSection
	GlobalSection(ProjectConfigurationPlatforms) = postSolution
		{59C31ACD-2950-4529-A721-2FA076117449}.Debug|Any CPU.ActiveCfg = Debug|Any CPU
		{59C31ACD-2950-4529-A721-2FA076117449}.Debug|Any CPU.Build.0 = Debug|Any CPU
		{59C31ACD-2950-4529-A721-2FA076117449}.Release|Any CPU.ActiveCfg = Release|Any CPU
		{59C31ACD-2950-4529-A721-2FA076117449}.Release|Any CPU.Build.0 = Release|Any CPU
	EndGlobalSection
	GlobalSection(SolutionProperties) = preSolution
		HideSolutionNode = FALSE
	EndGlobalSection
	GlobalSection(ExtensibilityGlobals) = postSolution
		SolutionGuid = {C9531E43-5562-4965-81CD-851126D2C16F}
	EndGlobalSection
EndGlobal
